
Microsoft Visual Studio Solution File, Format Version 12.00
# Visual Studio 15
VisualStudioVersion = 15.0.27004.2008
MinimumVisualStudioVersion = 10.0.40219.1
Project("{9A19103F-16F7-4668-BE54-9A1E7A4F7556}") = "Ex1WebAPI", "Ex1WebAPI\Ex1WebAPI.csproj", "{015956D8-08A5-44B7-823F-978F16B60B58}"
EndProject
Project("{9A19103F-16F7-4668-BE54-9A1E7A4F7556}") = "Ex0ConsoleApp", "MyConsoleApp\Ex0ConsoleApp.csproj", "{E7592038-8D31-494E-8F42-F6F8D276D917}"
EndProject
Project("{FAE04EC0-301F-11D3-BF4B-00C04F79EFBC}") = "ExWebAPISqlite", "ExWebAPISqlite\ExWebAPISqlite.csproj", "{467268AE-E299-49CC-A982-D59503DDA33C}"
EndProject
Global
	GlobalSection(SolutionConfigurationPlatforms) = preSolution
		Debug|Any CPU = Debug|Any CPU
		Release|Any CPU = Release|Any CPU
	EndGlobalSection
	GlobalSection(ProjectConfigurationPlatforms) = postSolution
		{015956D8-08A5-44B7-823F-978F16B60B58}.Debug|Any CPU.ActiveCfg = Debug|Any CPU
		{015956D8-08A5-44B7-823F-978F16B60B58}.Debug|Any CPU.Build.0 = Debug|Any CPU
		{015956D8-08A5-44B7-823F-978F16B60B58}.Release|Any CPU.ActiveCfg = Release|Any CPU
		{015956D8-08A5-44B7-823F-978F16B60B58}.Release|Any CPU.Build.0 = Release|Any CPU
		{E7592038-8D31-494E-8F42-F6F8D276D917}.Debug|Any CPU.ActiveCfg = Debug|Any CPU
		{E7592038-8D31-494E-8F42-F6F8D276D917}.Debug|Any CPU.Build.0 = Debug|Any CPU
		{E7592038-8D31-494E-8F42-F6F8D276D917}.Release|Any CPU.ActiveCfg = Release|Any CPU
		{E7592038-8D31-494E-8F42-F6F8D276D917}.Release|Any CPU.Build.0 = Release|Any CPU
		{467268AE-E299-49CC-A982-D59503DDA33C}.Debug|Any CPU.ActiveCfg = Debug|Any CPU
		{467268AE-E299-49CC-A982-D59503DDA33C}.Debug|Any CPU.Build.0 = Debug|Any CPU
		{467268AE-E299-49CC-A982-D59503DDA33C}.Release|Any CPU.ActiveCfg = Release|Any CPU
		{467268AE-E299-49CC-A982-D59503DDA33C}.Release|Any CPU.Build.0 = Release|Any CPU
	EndGlobalSection
	GlobalSection(SolutionProperties) = preSolution
		HideSolutionNode = FALSE
	EndGlobalSection
	GlobalSection(ExtensibilityGlobals) = postSolution
		SolutionGuid = {A94CB4DF-1050-4A81-8235-AC0D1186C11F}
	EndGlobalSection
EndGlobal
